
Microsoft Visual Studio Solution File, Format Version 12.00
# Visual Studio Version 17
VisualStudioVersion = 17.0.31903.59
MinimumVisualStudioVersion = 10.0.40219.1
Project("{FAE04EC0-301F-11D3-BF4B-00C04F79EFBC}") = "Screamsaver.Core", "Screamsaver.Core\Screamsaver.Core.csproj", "{0B33A191-8406-4EB9-BAE4-BD3C2B628F72}"
EndProject
Project("{FAE04EC0-301F-11D3-BF4B-00C04F79EFBC}") = "Screamsaver.Service", "Screamsaver.Service\Screamsaver.Service.csproj", "{9A49B906-4C88-4AEF-933A-50E57A2FE333}"
EndProject
Project("{FAE04EC0-301F-11D3-BF4B-00C04F79EFBC}") = "Screamsaver.TrayApp", "Screamsaver.TrayApp\Screamsaver.TrayApp.csproj", "{0485FBF1-B467-4784-91AF-9E7CF4A41D1D}"
EndProject
Project("{FAE04EC0-301F-11D3-BF4B-00C04F79EFBC}") = "Screamsaver.UninstallHelper", "Screamsaver.UninstallHelper\Screamsaver.UninstallHelper.csproj", "{FBE9FD83-A08A-4DCD-A6BB-A23CD1CE1108}"
EndProject
Project("{FAE04EC0-301F-11D3-BF4B-00C04F79EFBC}") = "Screamsaver.Tests", "Screamsaver.Tests\Screamsaver.Tests.csproj", "{D172E247-548B-485A-8CAE-0B9F98F53EFF}"
EndProject
Project("{FAE04EC0-301F-11D3-BF4B-00C04F79EFBC}") = "Screamsaver.WinForms", "Screamsaver.WinForms\Screamsaver.WinForms.csproj", "{2E3F4A5B-6C7D-8E9F-0A1B-2C3D4E5F6A7B}"
EndProject
Global
	GlobalSection(SolutionConfigurationPlatforms) = preSolution
		Debug|Any CPU = Debug|Any CPU
		Debug|x64 = Debug|x64
		Debug|x86 = Debug|x86
		Release|Any CPU = Release|Any CPU
		Release|x64 = Release|x64
		Release|x86 = Release|x86
	EndGlobalSection
	GlobalSection(ProjectConfigurationPlatforms) = postSolution
		{0B33A191-8406-4EB9-BAE4-BD3C2B628F72}.Debug|Any CPU.ActiveCfg = Debug|Any CPU
		{0B33A191-8406-4EB9-BAE4-BD3C2B628F72}.Debug|Any CPU.Build.0 = Debug|Any CPU
		{0B33A191-8406-4EB9-BAE4-BD3C2B628F72}.Debug|x64.ActiveCfg = Debug|Any CPU
		{0B33A191-8406-4EB9-BAE4-BD3C2B628F72}.Debug|x64.Build.0 = Debug|Any CPU
		{0B33A191-8406-4EB9-BAE4-BD3C2B628F72}.Debug|x86.ActiveCfg = Debug|Any CPU
		{0B33A191-8406-4EB9-BAE4-BD3C2B628F72}.Debug|x86.Build.0 = Debug|Any CPU
		{0B33A191-8406-4EB9-BAE4-BD3C2B628F72}.Release|Any CPU.ActiveCfg = Release|Any CPU
		{0B33A191-8406-4EB9-BAE4-BD3C2B628F72}.Release|Any CPU.Build.0 = Release|Any CPU
		{0B33A191-8406-4EB9-BAE4-BD3C2B628F72}.Release|x64.ActiveCfg = Release|Any CPU
		{0B33A191-8406-4EB9-BAE4-BD3C2B628F72}.Release|x64.Build.0 = Release|Any CPU
		{0B33A191-8406-4EB9-BAE4-BD3C2B628F72}.Release|x86.ActiveCfg = Release|Any CPU
		{0B33A191-8406-4EB9-BAE4-BD3C2B628F72}.Release|x86.Build.0 = Release|Any CPU
		{9A49B906-4C88-4AEF-933A-50E57A2FE333}.Debug|Any CPU.ActiveCfg = Debug|Any CPU
		{9A49B906-4C88-4AEF-933A-50E57A2FE333}.Debug|Any CPU.Build.0 = Debug|Any CPU
		{9A49B906-4C88-4AEF-933A-50E57A2FE333}.Debug|x64.ActiveCfg = Debug|Any CPU
		{9A49B906-4C88-4AEF-933A-50E57A2FE333}.Debug|x64.Build.0 = Debug|Any CPU
		{9A49B906-4C88-4AEF-933A-50E57A2FE333}.Debug|x86.ActiveCfg = Debug|Any CPU
		{9A49B906-4C88-4AEF-933A-50E57A2FE333}.Debug|x86.Build.0 = Debug|Any CPU
		{9A49B906-4C88-4AEF-933A-50E57A2FE333}.Release|Any CPU.ActiveCfg = Release|Any CPU
		{9A49B906-4C88-4AEF-933A-50E57A2FE333}.Release|Any CPU.Build.0 = Release|Any CPU
		{9A49B906-4C88-4AEF-933A-50E57A2FE333}.Release|x64.ActiveCfg = Release|Any CPU
		{9A49B906-4C88-4AEF-933A-50E57A2FE333}.Release|x64.Build.0 = Release|Any CPU
		{9A49B906-4C88-4AEF-933A-50E57A2FE333}.Release|x86.ActiveCfg = Release|Any CPU
		{9A49B906-4C88-4AEF-933A-50E57A2FE333}.Release|x86.Build.0 = Release|Any CPU
		{0485FBF1-B467-4784-91AF-9E7CF4A41D1D}.Debug|Any CPU.ActiveCfg = Debug|Any CPU
		{0485FBF1-B467-4784-91AF-9E7CF4A41D1D}.Debug|Any CPU.Build.0 = Debug|Any CPU
		{0485FBF1-B467-4784-91AF-9E7CF4A41D1D}.Debug|x64.ActiveCfg = Debug|Any CPU
		{0485FBF1-B467-4784-91AF-9E7CF4A41D1D}.Debug|x64.Build.0 = Debug|Any CPU
		{0485FBF1-B467-4784-91AF-9E7CF4A41D1D}.Debug|x86.ActiveCfg = Debug|Any CPU
		{0485FBF1-B467-4784-91AF-9E7CF4A41D1D}.Debug|x86.Build.0 = Debug|Any CPU
		{0485FBF1-B467-4784-91AF-9E7CF4A41D1D}.Release|Any CPU.ActiveCfg = Release|Any CPU
		{0485FBF1-B467-4784-91AF-9E7CF4A41D1D}.Release|Any CPU.Build.0 = Release|Any CPU
		{0485FBF1-B467-4784-91AF-9E7CF4A41D1D}.Release|x64.ActiveCfg = Release|Any CPU
		{0485FBF1-B467-4784-91AF-9E7CF4A41D1D}.Release|x64.Build.0 = Release|Any CPU
		{0485FBF1-B467-4784-91AF-9E7CF4A41D1D}.Release|x86.ActiveCfg = Release|Any CPU
		{0485FBF1-B467-4784-91AF-9E7CF4A41D1D}.Release|x86.Build.0 = Release|Any CPU
		{FBE9FD83-A08A-4DCD-A6BB-A23CD1CE1108}.Debug|Any CPU.ActiveCfg = Debug|Any CPU
		{FBE9FD83-A08A-4DCD-A6BB-A23CD1CE1108}.Debug|Any CPU.Build.0 = Debug|Any CPU
		{FBE9FD83-A08A-4DCD-A6BB-A23CD1CE1108}.Debug|x64.ActiveCfg = Debug|Any CPU
		{FBE9FD83-A08A-4DCD-A6BB-A23CD1CE1108}.Debug|x64.Build.0 = Debug|Any CPU
		{FBE9FD83-A08A-4DCD-A6BB-A23CD1CE1108}.Debug|x86.ActiveCfg = Debug|Any CPU
		{FBE9FD83-A08A-4DCD-A6BB-A23CD1CE1108}.Debug|x86.Build.0 = Debug|Any CPU
		{FBE9FD83-A08A-4DCD-A6BB-A23CD1CE1108}.Release|Any CPU.ActiveCfg = Release|Any CPU
		{FBE9FD83-A08A-4DCD-A6BB-A23CD1CE1108}.Release|Any CPU.Build.0 = Release|Any CPU
		{FBE9FD83-A08A-4DCD-A6BB-A23CD1CE1108}.Release|x64.ActiveCfg = Release|Any CPU
		{FBE9FD83-A08A-4DCD-A6BB-A23CD1CE1108}.Release|x64.Build.0 = Release|Any CPU
		{FBE9FD83-A08A-4DCD-A6BB-A23CD1CE1108}.Release|x86.ActiveCfg = Release|Any CPU
		{FBE9FD83-A08A-4DCD-A6BB-A23CD1CE1108}.Release|x86.Build.0 = Release|Any CPU
		{D172E247-548B-485A-8CAE-0B9F98F53EFF}.Debug|Any CPU.ActiveCfg = Debug|Any CPU
		{D172E247-548B-485A-8CAE-0B9F98F53EFF}.Debug|Any CPU.Build.0 = Debug|Any CPU
		{D172E247-548B-485A-8CAE-0B9F98F53EFF}.Debug|x64.ActiveCfg = Debug|Any CPU
		{D172E247-548B-485A-8CAE-0B9F98F53EFF}.Debug|x64.Build.0 = Debug|Any CPU
		{D172E247-548B-485A-8CAE-0B9F98F53EFF}.Debug|x86.ActiveCfg = Debug|Any CPU
		{D172E247-548B-485A-8CAE-0B9F98F53EFF}.Debug|x86.Build.0 = Debug|Any CPU
		{D172E247-548B-485A-8CAE-0B9F98F53EFF}.Release|Any CPU.ActiveCfg = Release|Any CPU
		{D172E247-548B-485A-8CAE-0B9F98F53EFF}.Release|Any CPU.Build.0 = Release|Any CPU
		{D172E247-548B-485A-8CAE-0B9F98F53EFF}.Release|x64.ActiveCfg = Release|Any CPU
		{D172E247-548B-485A-8CAE-0B9F98F53EFF}.Release|x64.Build.0 = Release|Any CPU
		{D172E247-548B-485A-8CAE-0B9F98F53EFF}.Release|x86.ActiveCfg = Release|Any CPU
		{D172E247-548B-485A-8CAE-0B9F98F53EFF}.Release|x86.Build.0 = Release|Any CPU
		{2E3F4A5B-6C7D-8E9F-0A1B-2C3D4E5F6A7B}.Debug|Any CPU.ActiveCfg = Debug|Any CPU
		{2E3F4A5B-6C7D-8E9F-0A1B-2C3D4E5F6A7B}.Debug|Any CPU.Build.0 = Debug|Any CPU
		{2E3F4A5B-6C7D-8E9F-0A1B-2C3D4E5F6A7B}.Debug|x64.ActiveCfg = Debug|Any CPU
		{2E3F4A5B-6C7D-8E9F-0A1B-2C3D4E5F6A7B}.Debug|x64.Build.0 = Debug|Any CPU
		{2E3F4A5B-6C7D-8E9F-0A1B-2C3D4E5F6A7B}.Debug|x86.ActiveCfg = Debug|Any CPU
		{2E3F4A5B-6C7D-8E9F-0A1B-2C3D4E5F6A7B}.Debug|x86.Build.0 = Debug|Any CPU
		{2E3F4A5B-6C7D-8E9F-0A1B-2C3D4E5F6A7B}.Release|Any CPU.ActiveCfg = Release|Any CPU
		{2E3F4A5B-6C7D-8E9F-0A1B-2C3D4E5F6A7B}.Release|Any CPU.Build.0 = Release|Any CPU
		{2E3F4A5B-6C7D-8E9F-0A1B-2C3D4E5F6A7B}.Release|x64.ActiveCfg = Release|Any CPU
		{2E3F4A5B-6C7D-8E9F-0A1B-2C3D4E5F6A7B}.Release|x64.Build.0 = Release|Any CPU
		{2E3F4A5B-6C7D-8E9F-0A1B-2C3D4E5F6A7B}.Release|x86.ActiveCfg = Release|Any CPU
		{2E3F4A5B-6C7D-8E9F-0A1B-2C3D4E5F6A7B}.Release|x86.Build.0 = Release|Any CPU
	EndGlobalSection
	GlobalSection(SolutionProperties) = preSolution
		HideSolutionNode = FALSE
	EndGlobalSection
EndGlobal
